
Microsoft Visual Studio Solution File, Format Version 12.00
# Visual Studio Version 16
VisualStudioVersion = 16.0.29911.84
MinimumVisualStudioVersion = 10.0.40219.1
Project("{2150E333-8FDC-42A3-9474-1A3956D46DE8}") = "Application", "Application", "{694E183B-F5A9-4DEA-A08A-8954F9D2FE2A}"
EndProject
Project("{2150E333-8FDC-42A3-9474-1A3956D46DE8}") = "Domain", "Domain", "{2EDE1D5C-DAEF-47C4-8C33-79D2F556340C}"
EndProject
Project("{2150E333-8FDC-42A3-9474-1A3956D46DE8}") = "Infra.Data", "Infra.Data", "{015F7713-91B1-48F0-9885-C8109146331F}"
EndProject
Project("{2150E333-8FDC-42A3-9474-1A3956D46DE8}") = "Infra.IoC", "Infra.IoC", "{6DCB63D5-CFC6-46ED-8BB3-5F0AB51C174B}"
EndProject
Project("{2150E333-8FDC-42A3-9474-1A3956D46DE8}") = "Presentation", "Presentation", "{90D3F4BC-0328-443A-A5B8-F38C17F94556}"
EndProject
Project("{2150E333-8FDC-42A3-9474-1A3956D46DE8}") = "WebApi", "WebApi", "{4C09FBED-9F85-429E-B5E3-C0B274DF063C}"
EndProject
Project("{FAE04EC0-301F-11D3-BF4B-00C04F79EFBC}") = "BaseArchitectureMVC", "BaseArchitectureMVC\BaseArchitectureMVC.csproj", "{B3F21AF2-56FA-460B-AB32-E304256C6F5F}"
EndProject
Project("{FAE04EC0-301F-11D3-BF4B-00C04F79EFBC}") = "BaseArchitecture.Domain", "BaseArchitecture.Domain\BaseArchitecture.Domain.csproj", "{6577F9A9-F521-47A3-A98C-023D555487CE}"
EndProject
Global
	GlobalSection(SolutionConfigurationPlatforms) = preSolution
		Debug|Any CPU = Debug|Any CPU
		Release|Any CPU = Release|Any CPU
	EndGlobalSection
	GlobalSection(ProjectConfigurationPlatforms) = postSolution
		{B3F21AF2-56FA-460B-AB32-E304256C6F5F}.Debug|Any CPU.ActiveCfg = Debug|Any CPU
		{B3F21AF2-56FA-460B-AB32-E304256C6F5F}.Debug|Any CPU.Build.0 = Debug|Any CPU
		{B3F21AF2-56FA-460B-AB32-E304256C6F5F}.Release|Any CPU.ActiveCfg = Release|Any CPU
		{B3F21AF2-56FA-460B-AB32-E304256C6F5F}.Release|Any CPU.Build.0 = Release|Any CPU
		{6577F9A9-F521-47A3-A98C-023D555487CE}.Debug|Any CPU.ActiveCfg = Debug|Any CPU
		{6577F9A9-F521-47A3-A98C-023D555487CE}.Debug|Any CPU.Build.0 = Debug|Any CPU
		{6577F9A9-F521-47A3-A98C-023D555487CE}.Release|Any CPU.ActiveCfg = Release|Any CPU
		{6577F9A9-F521-47A3-A98C-023D555487CE}.Release|Any CPU.Build.0 = Release|Any CPU
	EndGlobalSection
	GlobalSection(SolutionProperties) = preSolution
		HideSolutionNode = FALSE
	EndGlobalSection
	GlobalSection(NestedProjects) = preSolution
		{B3F21AF2-56FA-460B-AB32-E304256C6F5F} = {90D3F4BC-0328-443A-A5B8-F38C17F94556}
		{6577F9A9-F521-47A3-A98C-023D555487CE} = {2EDE1D5C-DAEF-47C4-8C33-79D2F556340C}
	EndGlobalSection
	GlobalSection(ExtensibilityGlobals) = postSolution
		SolutionGuid = {35B6BC08-F959-4385-909E-02BE87FB627A}
	EndGlobalSection
EndGlobal
